
Microsoft Visual Studio Solution File, Format Version 12.00
# Visual Studio Version 16
VisualStudioVersion = 16.0.31624.102
MinimumVisualStudioVersion = 10.0.40219.1
Project("{9A19103F-16F7-4668-BE54-9A1E7A4F7556}") = "Lab2PorogFilter", "Lab2PorogFilter\Lab2PorogFilter.csproj", "{F19F210D-3658-4394-841C-6580511EC65D}"
EndProject
Global
	GlobalSection(SolutionConfigurationPlatforms) = preSolution
		Debug|Any CPU = Debug|Any CPU
		Release|Any CPU = Release|Any CPU
	EndGlobalSection
	GlobalSection(ProjectConfigurationPlatforms) = postSolution
		{F19F210D-3658-4394-841C-6580511EC65D}.Debug|Any CPU.ActiveCfg = Debug|Any CPU
		{F19F210D-3658-4394-841C-6580511EC65D}.Debug|Any CPU.Build.0 = Debug|Any CPU
		{F19F210D-3658-4394-841C-6580511EC65D}.Release|Any CPU.ActiveCfg = Release|Any CPU
		{F19F210D-3658-4394-841C-6580511EC65D}.Release|Any CPU.Build.0 = Release|Any CPU
	EndGlobalSection
	GlobalSection(SolutionProperties) = preSolution
		HideSolutionNode = FALSE
	EndGlobalSection
	GlobalSection(ExtensibilityGlobals) = postSolution
		SolutionGuid = {3E060642-DC3E-4B55-B354-03123A66950A}
	EndGlobalSection
EndGlobal
